
Microsoft Visual Studio Solution File, Format Version 12.00
# Visual Studio Version 16
VisualStudioVersion = 16.0.29709.97
MinimumVisualStudioVersion = 10.0.40219.1
Project("{FAE04EC0-301F-11D3-BF4B-00C04F79EFBC}") = "ContosoUniversity", "ContosoUniversity.csproj", "{4C60287D-D7E0-4EF0-8C99-12841D86D1AB}"
EndProject
Global
	GlobalSection(SolutionConfigurationPlatforms) = preSolution
		Debug|Any CPU = Debug|Any CPU
		Release|Any CPU = Release|Any CPU
	EndGlobalSection
	GlobalSection(ProjectConfigurationPlatforms) = postSolution
		{4C60287D-D7E0-4EF0-8C99-12841D86D1AB}.Debug|Any CPU.ActiveCfg = Debug|Any CPU
		{4C60287D-D7E0-4EF0-8C99-12841D86D1AB}.Debug|Any CPU.Build.0 = Debug|Any CPU
		{4C60287D-D7E0-4EF0-8C99-12841D86D1AB}.Release|Any CPU.ActiveCfg = Release|Any CPU
		{4C60287D-D7E0-4EF0-8C99-12841D86D1AB}.Release|Any CPU.Build.0 = Release|Any CPU
	EndGlobalSection
	GlobalSection(SolutionProperties) = preSolution
		HideSolutionNode = FALSE
	EndGlobalSection
	GlobalSection(ExtensibilityGlobals) = postSolution
		SolutionGuid = {F4880AB4-95AD-4FFC-90E1-8AF1E2141E7D}
	EndGlobalSection
EndGlobal
